// !$*UTF8*$!
{
	archiveVersion = 1;
	classes = {
	};
	objectVersion = 56;
	objects = {

/* Begin PBXBuildFile section */
		07598F5D2C48B460008212AB /* AppDelegate.swift in Sources */ = {isa = PBXBuildFile; fileRef = 07598F5C2C48B460008212AB /* AppDelegate.swift */; };
		07598F662C48B462008212AB /* Assets.xcassets in Resources */ = {isa = PBXBuildFile; fileRef = 07598F652C48B462008212AB /* Assets.xcassets */; };
		07598F692C48B462008212AB /* LaunchScreen.storyboard in Resources */ = {isa = PBXBuildFile; fileRef = 07598F672C48B462008212AB /* LaunchScreen.storyboard */; };
		07598F742C48B462008212AB /* Random_UserTests.swift in Sources */ = {isa = PBXBuildFile; fileRef = 07598F732C48B462008212AB /* Random_UserTests.swift */; };
		07598F7E2C48B462008212AB /* Random_UserUITests.swift in Sources */ = {isa = PBXBuildFile; fileRef = 07598F7D2C48B462008212AB /* Random_UserUITests.swift */; };
		07598F802C48B462008212AB /* Random_UserUITestsLaunchTests.swift in Sources */ = {isa = PBXBuildFile; fileRef = 07598F7F2C48B462008212AB /* Random_UserUITestsLaunchTests.swift */; };
		07598F8F2C48B9EB008212AB /* MainViewController.swift in Sources */ = {isa = PBXBuildFile; fileRef = 07598F8D2C48B9EB008212AB /* MainViewController.swift */; };
		07598F902C48B9EB008212AB /* MainViewController.xib in Resources */ = {isa = PBXBuildFile; fileRef = 07598F8E2C48B9EB008212AB /* MainViewController.xib */; };
		07598F9A2C48C23D008212AB /* MainViewController+TableView.swift in Sources */ = {isa = PBXBuildFile; fileRef = 07598F992C48C23C008212AB /* MainViewController+TableView.swift */; };
		07598F9C2C48C419008212AB /* MainViewModel.swift in Sources */ = {isa = PBXBuildFile; fileRef = 07598F9B2C48C419008212AB /* MainViewModel.swift */; };
/* End PBXBuildFile section */

/* Begin PBXContainerItemProxy section */
		07598F702C48B462008212AB /* PBXContainerItemProxy */ = {
			isa = PBXContainerItemProxy;
			containerPortal = 07598F512C48B460008212AB /* Project object */;
			proxyType = 1;
			remoteGlobalIDString = 07598F582C48B460008212AB;
			remoteInfo = Random_User;
		};
		07598F7A2C48B462008212AB /* PBXContainerItemProxy */ = {
			isa = PBXContainerItemProxy;
			containerPortal = 07598F512C48B460008212AB /* Project object */;
			proxyType = 1;
			remoteGlobalIDString = 07598F582C48B460008212AB;
			remoteInfo = Random_User;
		};
/* End PBXContainerItemProxy section */

/* Begin PBXFileReference section */
		07598F592C48B460008212AB /* Random_User.app */ = {isa = PBXFileReference; explicitFileType = wrapper.application; includeInIndex = 0; path = Random_User.app; sourceTree = BUILT_PRODUCTS_DIR; };
		07598F5C2C48B460008212AB /* AppDelegate.swift */ = {isa = PBXFileReference; lastKnownFileType = sourcecode.swift; path = AppDelegate.swift; sourceTree = "<group>"; };
		07598F652C48B462008212AB /* Assets.xcassets */ = {isa = PBXFileReference; lastKnownFileType = folder.assetcatalog; path = Assets.xcassets; sourceTree = "<group>"; };
		07598F682C48B462008212AB /* Base */ = {isa = PBXFileReference; lastKnownFileType = file.storyboard; name = Base; path = Base.lproj/LaunchScreen.storyboard; sourceTree = "<group>"; };
		07598F6A2C48B462008212AB /* Info.plist */ = {isa = PBXFileReference; lastKnownFileType = text.plist.xml; path = Info.plist; sourceTree = "<group>"; };
		07598F6F2C48B462008212AB /* Random_UserTests.xctest */ = {isa = PBXFileReference; explicitFileType = wrapper.cfbundle; includeInIndex = 0; path = Random_UserTests.xctest; sourceTree = BUILT_PRODUCTS_DIR; };
		07598F732C48B462008212AB /* Random_UserTests.swift */ = {isa = PBXFileReference; lastKnownFileType = sourcecode.swift; path = Random_UserTests.swift; sourceTree = "<group>"; };
		07598F792C48B462008212AB /* Random_UserUITests.xctest */ = {isa = PBXFileReference; explicitFileType = wrapper.cfbundle; includeInIndex = 0; path = Random_UserUITests.xctest; sourceTree = BUILT_PRODUCTS_DIR; };
		07598F7D2C48B462008212AB /* Random_UserUITests.swift */ = {isa = PBXFileReference; lastKnownFileType = sourcecode.swift; path = Random_UserUITests.swift; sourceTree = "<group>"; };
		07598F7F2C48B462008212AB /* Random_UserUITestsLaunchTests.swift */ = {isa = PBXFileReference; lastKnownFileType = sourcecode.swift; path = Random_UserUITestsLaunchTests.swift; sourceTree = "<group>"; };
		07598F8D2C48B9EB008212AB /* MainViewController.swift */ = {isa = PBXFileReference; lastKnownFileType = sourcecode.swift; path = MainViewController.swift; sourceTree = "<group>"; };
		07598F8E2C48B9EB008212AB /* MainViewController.xib */ = {isa = PBXFileReference; lastKnownFileType = file.xib; path = MainViewController.xib; sourceTree = "<group>"; };
		07598F992C48C23C008212AB /* MainViewController+TableView.swift */ = {isa = PBXFileReference; lastKnownFileType = sourcecode.swift; path = "MainViewController+TableView.swift"; sourceTree = "<group>"; };
		07598F9B2C48C419008212AB /* MainViewModel.swift */ = {isa = PBXFileReference; lastKnownFileType = sourcecode.swift; path = MainViewModel.swift; sourceTree = "<group>"; };
/* End PBXFileReference section */

/* Begin PBXFrameworksBuildPhase section */
		07598F562C48B460008212AB /* Frameworks */ = {
			isa = PBXFrameworksBuildPhase;
			buildActionMask = 2147483647;
			files = (
			);
			runOnlyForDeploymentPostprocessing = 0;
		};
		07598F6C2C48B462008212AB /* Frameworks */ = {
			isa = PBXFrameworksBuildPhase;
			buildActionMask = 2147483647;
			files = (
			);
			runOnlyForDeploymentPostprocessing = 0;
		};
		07598F762C48B462008212AB /* Frameworks */ = {
			isa = PBXFrameworksBuildPhase;
			buildActionMask = 2147483647;
			files = (
			);
			runOnlyForDeploymentPostprocessing = 0;
		};
/* End PBXFrameworksBuildPhase section */

/* Begin PBXGroup section */
		07598F502C48B460008212AB = {
			isa = PBXGroup;
			children = (
				07598F5B2C48B460008212AB /* Random_User */,
				07598F722C48B462008212AB /* Random_UserTests */,
				07598F7C2C48B462008212AB /* Random_UserUITests */,
				07598F5A2C48B460008212AB /* Products */,
			);
			sourceTree = "<group>";
		};
		07598F5A2C48B460008212AB /* Products */ = {
			isa = PBXGroup;
			children = (
				07598F592C48B460008212AB /* Random_User.app */,
				07598F6F2C48B462008212AB /* Random_UserTests.xctest */,
				07598F792C48B462008212AB /* Random_UserUITests.xctest */,
			);
			name = Products;
			sourceTree = "<group>";
		};
		07598F5B2C48B460008212AB /* Random_User */ = {
			isa = PBXGroup;
			children = (
				07598F982C48BEB9008212AB /* Networking */,
				07598F972C48BE6F008212AB /* Extensions */,
				07598F962C48BE60008212AB /* Resources */,
				07598F952C48BE51008212AB /* Classes */,
				07598F942C48BE4B008212AB /* Models */,
				07598F932C48BE42008212AB /* Controllers */,
				07598F922C48BE3B008212AB /* ViewModels */,
				07598F912C48BE31008212AB /* Views */,
				07598F5C2C48B460008212AB /* AppDelegate.swift */,
				07598F6A2C48B462008212AB /* Info.plist */,
			);
			path = Random_User;
			sourceTree = "<group>";
		};
		07598F722C48B462008212AB /* Random_UserTests */ = {
			isa = PBXGroup;
			children = (
				07598F732C48B462008212AB /* Random_UserTests.swift */,
			);
			path = Random_UserTests;
			sourceTree = "<group>";
		};
		07598F7C2C48B462008212AB /* Random_UserUITests */ = {
			isa = PBXGroup;
			children = (
				07598F7D2C48B462008212AB /* Random_UserUITests.swift */,
				07598F7F2C48B462008212AB /* Random_UserUITestsLaunchTests.swift */,
			);
			path = Random_UserUITests;
			sourceTree = "<group>";
		};
		07598F8C2C48B9D5008212AB /* MainViewController */ = {
			isa = PBXGroup;
			children = (
				07598F8D2C48B9EB008212AB /* MainViewController.swift */,
				07598F8E2C48B9EB008212AB /* MainViewController.xib */,
				07598F992C48C23C008212AB /* MainViewController+TableView.swift */,
			);
			path = MainViewController;
			sourceTree = "<group>";
		};
		07598F912C48BE31008212AB /* Views */ = {
			isa = PBXGroup;
			children = (
				07598F672C48B462008212AB /* LaunchScreen.storyboard */,
			);
			path = Views;
			sourceTree = "<group>";
		};
		07598F922C48BE3B008212AB /* ViewModels */ = {
			isa = PBXGroup;
			children = (
				07598F9B2C48C419008212AB /* MainViewModel.swift */,
			);
			path = ViewModels;
			sourceTree = "<group>";
		};
		07598F932C48BE42008212AB /* Controllers */ = {
			isa = PBXGroup;
			children = (
				07598F8C2C48B9D5008212AB /* MainViewController */,
			);
			path = Controllers;
			sourceTree = "<group>";
		};
		07598F942C48BE4B008212AB /* Models */ = {
			isa = PBXGroup;
			children = (
			);
			path = Models;
			sourceTree = "<group>";
		};
		07598F952C48BE51008212AB /* Classes */ = {
			isa = PBXGroup;
			children = (
			);
			path = Classes;
			sourceTree = "<group>";
		};
		07598F962C48BE60008212AB /* Resources */ = {
			isa = PBXGroup;
			children = (
				07598F652C48B462008212AB /* Assets.xcassets */,
			);
			path = Resources;
			sourceTree = "<group>";
		};
		07598F972C48BE6F008212AB /* Extensions */ = {
			isa = PBXGroup;
			children = (
			);
			path = Extensions;
			sourceTree = "<group>";
		};
		07598F982C48BEB9008212AB /* Networking */ = {
			isa = PBXGroup;
			children = (
			);
			path = Networking;
			sourceTree = "<group>";
		};
/* End PBXGroup section */

/* Begin PBXNativeTarget section */
		07598F582C48B460008212AB /* Random_User */ = {
			isa = PBXNativeTarget;
			buildConfigurationList = 07598F832C48B462008212AB /* Build configuration list for PBXNativeTarget "Random_User" */;
			buildPhases = (
				07598F552C48B460008212AB /* Sources */,
				07598F562C48B460008212AB /* Frameworks */,
				07598F572C48B460008212AB /* Resources */,
			);
			buildRules = (
			);
			dependencies = (
			);
			name = Random_User;
			productName = Random_User;
			productReference = 07598F592C48B460008212AB /* Random_User.app */;
			productType = "com.apple.product-type.application";
		};
		07598F6E2C48B462008212AB /* Random_UserTests */ = {
			isa = PBXNativeTarget;
			buildConfigurationList = 07598F862C48B462008212AB /* Build configuration list for PBXNativeTarget "Random_UserTests" */;
			buildPhases = (
				07598F6B2C48B462008212AB /* Sources */,
				07598F6C2C48B462008212AB /* Frameworks */,
				07598F6D2C48B462008212AB /* Resources */,
			);
			buildRules = (
			);
			dependencies = (
				07598F712C48B462008212AB /* PBXTargetDependency */,
			);
			name = Random_UserTests;
			productName = Random_UserTests;
			productReference = 07598F6F2C48B462008212AB /* Random_UserTests.xctest */;
			productType = "com.apple.product-type.bundle.unit-test";
		};
		07598F782C48B462008212AB /* Random_UserUITests */ = {
			isa = PBXNativeTarget;
			buildConfigurationList = 07598F892C48B462008212AB /* Build configuration list for PBXNativeTarget "Random_UserUITests" */;
			buildPhases = (
				07598F752C48B462008212AB /* Sources */,
				07598F762C48B462008212AB /* Frameworks */,
				07598F772C48B462008212AB /* Resources */,
			);
			buildRules = (
			);
			dependencies = (
				07598F7B2C48B462008212AB /* PBXTargetDependency */,
			);
			name = Random_UserUITests;
			productName = Random_UserUITests;
			productReference = 07598F792C48B462008212AB /* Random_UserUITests.xctest */;
			productType = "com.apple.product-type.bundle.ui-testing";
		};
/* End PBXNativeTarget section */

/* Begin PBXProject section */
		07598F512C48B460008212AB /* Project object */ = {
			isa = PBXProject;
			attributes = {
				BuildIndependentTargetsInParallel = 1;
				LastSwiftUpdateCheck = 1520;
				LastUpgradeCheck = 1520;
				TargetAttributes = {
					07598F582C48B460008212AB = {
						CreatedOnToolsVersion = 15.2;
					};
					07598F6E2C48B462008212AB = {
						CreatedOnToolsVersion = 15.2;
						TestTargetID = 07598F582C48B460008212AB;
					};
					07598F782C48B462008212AB = {
						CreatedOnToolsVersion = 15.2;
						TestTargetID = 07598F582C48B460008212AB;
					};
				};
			};
			buildConfigurationList = 07598F542C48B460008212AB /* Build configuration list for PBXProject "Random_User" */;
			compatibilityVersion = "Xcode 14.0";
			developmentRegion = en;
			hasScannedForEncodings = 0;
			knownRegions = (
				en,
				Base,
			);
			mainGroup = 07598F502C48B460008212AB;
			productRefGroup = 07598F5A2C48B460008212AB /* Products */;
			projectDirPath = "";
			projectRoot = "";
			targets = (
				07598F582C48B460008212AB /* Random_User */,
				07598F6E2C48B462008212AB /* Random_UserTests */,
				07598F782C48B462008212AB /* Random_UserUITests */,
			);
		};
/* End PBXProject section */

/* Begin PBXResourcesBuildPhase section */
		07598F572C48B460008212AB /* Resources */ = {
			isa = PBXResourcesBuildPhase;
			buildActionMask = 2147483647;
			files = (
				07598F692C48B462008212AB /* LaunchScreen.storyboard in Resources */,
				07598F902C48B9EB008212AB /* MainViewController.xib in Resources */,
				07598F662C48B462008212AB /* Assets.xcassets in Resources */,
			);
			runOnlyForDeploymentPostprocessing = 0;
		};
		07598F6D2C48B462008212AB /* Resources */ = {
			isa = PBXResourcesBuildPhase;
			buildActionMask = 2147483647;
			files = (
			);
			runOnlyForDeploymentPostprocessing = 0;
		};
		07598F772C48B462008212AB /* Resources */ = {
			isa = PBXResourcesBuildPhase;
			buildActionMask = 2147483647;
			files = (
			);
			runOnlyForDeploymentPostprocessing = 0;
		};
/* End PBXResourcesBuildPhase section */

/* Begin PBXSourcesBuildPhase section */
		07598F552C48B460008212AB /* Sources */ = {
			isa = PBXSourcesBuildPhase;
			buildActionMask = 2147483647;
			files = (
				07598F5D2C48B460008212AB /* AppDelegate.swift in Sources */,
				07598F9A2C48C23D008212AB /* MainViewController+TableView.swift in Sources */,
				07598F8F2C48B9EB008212AB /* MainViewController.swift in Sources */,
				07598F9C2C48C419008212AB /* MainViewModel.swift in Sources */,
			);
			runOnlyForDeploymentPostprocessing = 0;
		};
		07598F6B2C48B462008212AB /* Sources */ = {
			isa = PBXSourcesBuildPhase;
			buildActionMask = 2147483647;
			files = (
				07598F742C48B462008212AB /* Random_UserTests.swift in Sources */,
			);
			runOnlyForDeploymentPostprocessing = 0;
		};
		07598F752C48B462008212AB /* Sources */ = {
			isa = PBXSourcesBuildPhase;
			buildActionMask = 2147483647;
			files = (
				07598F802C48B462008212AB /* Random_UserUITestsLaunchTests.swift in Sources */,
				07598F7E2C48B462008212AB /* Random_UserUITests.swift in Sources */,
			);
			runOnlyForDeploymentPostprocessing = 0;
		};
/* End PBXSourcesBuildPhase section */

/* Begin PBXTargetDependency section */
		07598F712C48B462008212AB /* PBXTargetDependency */ = {
			isa = PBXTargetDependency;
			target = 07598F582C48B460008212AB /* Random_User */;
			targetProxy = 07598F702C48B462008212AB /* PBXContainerItemProxy */;
		};
		07598F7B2C48B462008212AB /* PBXTargetDependency */ = {
			isa = PBXTargetDependency;
			target = 07598F582C48B460008212AB /* Random_User */;
			targetProxy = 07598F7A2C48B462008212AB /* PBXContainerItemProxy */;
		};
/* End PBXTargetDependency section */

/* Begin PBXVariantGroup section */
		07598F672C48B462008212AB /* LaunchScreen.storyboard */ = {
			isa = PBXVariantGroup;
			children = (
				07598F682C48B462008212AB /* Base */,
			);
			name = LaunchScreen.storyboard;
			sourceTree = "<group>";
		};
/* End PBXVariantGroup section */

/* Begin XCBuildConfiguration section */
		07598F812C48B462008212AB /* Debug */ = {
			isa = XCBuildConfiguration;
			buildSettings = {
				ALWAYS_SEARCH_USER_PATHS = NO;
				ASSETCATALOG_COMPILER_GENERATE_SWIFT_ASSET_SYMBOL_EXTENSIONS = YES;
				CLANG_ANALYZER_NONNULL = YES;
				CLANG_ANALYZER_NUMBER_OBJECT_CONVERSION = YES_AGGRESSIVE;
				CLANG_CXX_LANGUAGE_STANDARD = "gnu++20";
				CLANG_ENABLE_MODULES = YES;
				CLANG_ENABLE_OBJC_ARC = YES;
				CLANG_ENABLE_OBJC_WEAK = YES;
				CLANG_WARN_BLOCK_CAPTURE_AUTORELEASING = YES;
				CLANG_WARN_BOOL_CONVERSION = YES;
				CLANG_WARN_COMMA = YES;
				CLANG_WARN_CONSTANT_CONVERSION = YES;
				CLANG_WARN_DEPRECATED_OBJC_IMPLEMENTATIONS = YES;
				CLANG_WARN_DIRECT_OBJC_ISA_USAGE = YES_ERROR;
				CLANG_WARN_DOCUMENTATION_COMMENTS = YES;
				CLANG_WARN_EMPTY_BODY = YES;
				CLANG_WARN_ENUM_CONVERSION = YES;
				CLANG_WARN_INFINITE_RECURSION = YES;
				CLANG_WARN_INT_CONVERSION = YES;
				CLANG_WARN_NON_LITERAL_NULL_CONVERSION = YES;
				CLANG_WARN_OBJC_IMPLICIT_RETAIN_SELF = YES;
				CLANG_WARN_OBJC_LITERAL_CONVERSION = YES;
				CLANG_WARN_OBJC_ROOT_CLASS = YES_ERROR;
				CLANG_WARN_QUOTED_INCLUDE_IN_FRAMEWORK_HEADER = YES;
				CLANG_WARN_RANGE_LOOP_ANALYSIS = YES;
				CLANG_WARN_STRICT_PROTOTYPES = YES;
				CLANG_WARN_SUSPICIOUS_MOVE = YES;
				CLANG_WARN_UNGUARDED_AVAILABILITY = YES_AGGRESSIVE;
				CLANG_WARN_UNREACHABLE_CODE = YES;
				CLANG_WARN__DUPLICATE_METHOD_MATCH = YES;
				COPY_PHASE_STRIP = NO;
				DEBUG_INFORMATION_FORMAT = dwarf;
				ENABLE_STRICT_OBJC_MSGSEND = YES;
				ENABLE_TESTABILITY = YES;
				ENABLE_USER_SCRIPT_SANDBOXING = YES;
				GCC_C_LANGUAGE_STANDARD = gnu17;
				GCC_DYNAMIC_NO_PIC = NO;
				GCC_NO_COMMON_BLOCKS = YES;
				GCC_OPTIMIZATION_LEVEL = 0;
				GCC_PREPROCESSOR_DEFINITIONS = (
					"DEBUG=1",
					"$(inherited)",
				);
				GCC_WARN_64_TO_32_BIT_CONVERSION = YES;
				GCC_WARN_ABOUT_RETURN_TYPE = YES_ERROR;
				GCC_WARN_UNDECLARED_SELECTOR = YES;
				GCC_WARN_UNINITIALIZED_AUTOS = YES_AGGRESSIVE;
				GCC_WARN_UNUSED_FUNCTION = YES;
				GCC_WARN_UNUSED_VARIABLE = YES;
				IPHONEOS_DEPLOYMENT_TARGET = 17.2;
				LOCALIZATION_PREFERS_STRING_CATALOGS = YES;
				MTL_ENABLE_DEBUG_INFO = INCLUDE_SOURCE;
				MTL_FAST_MATH = YES;
				ONLY_ACTIVE_ARCH = YES;
				SDKROOT = iphoneos;
				SWIFT_ACTIVE_COMPILATION_CONDITIONS = "DEBUG $(inherited)";
				SWIFT_OPTIMIZATION_LEVEL = "-Onone";
			};
			name = Debug;
		};
		07598F822C48B462008212AB /* Release */ = {
			isa = XCBuildConfiguration;
			buildSettings = {
				ALWAYS_SEARCH_USER_PATHS = NO;
				ASSETCATALOG_COMPILER_GENERATE_SWIFT_ASSET_SYMBOL_EXTENSIONS = YES;
				CLANG_ANALYZER_NONNULL = YES;
				CLANG_ANALYZER_NUMBER_OBJECT_CONVERSION = YES_AGGRESSIVE;
				CLANG_CXX_LANGUAGE_STANDARD = "gnu++20";
				CLANG_ENABLE_MODULES = YES;
				CLANG_ENABLE_OBJC_ARC = YES;
				CLANG_ENABLE_OBJC_WEAK = YES;
				CLANG_WARN_BLOCK_CAPTURE_AUTORELEASING = YES;
				CLANG_WARN_BOOL_CONVERSION = YES;
				CLANG_WARN_COMMA = YES;
				CLANG_WARN_CONSTANT_CONVERSION = YES;
				CLANG_WARN_DEPRECATED_OBJC_IMPLEMENTATIONS = YES;
				CLANG_WARN_DIRECT_OBJC_ISA_USAGE = YES_ERROR;
				CLANG_WARN_DOCUMENTATION_COMMENTS = YES;
				CLANG_WARN_EMPTY_BODY = YES;
				CLANG_WARN_ENUM_CONVERSION = YES;
				CLANG_WARN_INFINITE_RECURSION = YES;
				CLANG_WARN_INT_CONVERSION = YES;
				CLANG_WARN_NON_LITERAL_NULL_CONVERSION = YES;
				CLANG_WARN_OBJC_IMPLICIT_RETAIN_SELF = YES;
				CLANG_WARN_OBJC_LITERAL_CONVERSION = YES;
				CLANG_WARN_OBJC_ROOT_CLASS = YES_ERROR;
				CLANG_WARN_QUOTED_INCLUDE_IN_FRAMEWORK_HEADER = YES;
				CLANG_WARN_RANGE_LOOP_ANALYSIS = YES;
				CLANG_WARN_STRICT_PROTOTYPES = YES;
				CLANG_WARN_SUSPICIOUS_MOVE = YES;
				CLANG_WARN_UNGUARDED_AVAILABILITY = YES_AGGRESSIVE;
				CLANG_WARN_UNREACHABLE_CODE = YES;
				CLANG_WARN__DUPLICATE_METHOD_MATCH = YES;
				COPY_PHASE_STRIP = NO;
				DEBUG_INFORMATION_FORMAT = "dwarf-with-dsym";
				ENABLE_NS_ASSERTIONS = NO;
				ENABLE_STRICT_OBJC_MSGSEND = YES;
				ENABLE_USER_SCRIPT_SANDBOXING = YES;
				GCC_C_LANGUAGE_STANDARD = gnu17;
				GCC_NO_COMMON_BLOCKS = YES;
				GCC_WARN_64_TO_32_BIT_CONVERSION = YES;
				GCC_WARN_ABOUT_RETURN_TYPE = YES_ERROR;
				GCC_WARN_UNDECLARED_SELECTOR = YES;
				GCC_WARN_UNINITIALIZED_AUTOS = YES_AGGRESSIVE;
				GCC_WARN_UNUSED_FUNCTION = YES;
				GCC_WARN_UNUSED_VARIABLE = YES;
				IPHONEOS_DEPLOYMENT_TARGET = 17.2;
				LOCALIZATION_PREFERS_STRING_CATALOGS = YES;
				MTL_ENABLE_DEBUG_INFO = NO;
				MTL_FAST_MATH = YES;
				SDKROOT = iphoneos;
				SWIFT_COMPILATION_MODE = wholemodule;
				VALIDATE_PRODUCT = YES;
			};
			name = Release;
		};
		07598F842C48B462008212AB /* Debug */ = {
			isa = XCBuildConfiguration;
			buildSettings = {
				ASSETCATALOG_COMPILER_APPICON_NAME = AppIcon;
				ASSETCATALOG_COMPILER_GLOBAL_ACCENT_COLOR_NAME = AccentColor;
				CODE_SIGN_STYLE = Automatic;
				CURRENT_PROJECT_VERSION = 1;
				DEVELOPMENT_TEAM = 93859K4ZR2;
				GENERATE_INFOPLIST_FILE = YES;
				INFOPLIST_FILE = Random_User/Info.plist;
				INFOPLIST_KEY_UIApplicationSupportsIndirectInputEvents = YES;
				INFOPLIST_KEY_UILaunchStoryboardName = LaunchScreen;
				INFOPLIST_KEY_UISupportedInterfaceOrientations_iPad = "UIInterfaceOrientationPortrait UIInterfaceOrientationPortraitUpsideDown UIInterfaceOrientationLandscapeLeft UIInterfaceOrientationLandscapeRight";
				INFOPLIST_KEY_UISupportedInterfaceOrientations_iPhone = "UIInterfaceOrientationPortrait UIInterfaceOrientationLandscapeLeft UIInterfaceOrientationLandscapeRight";
				LD_RUNPATH_SEARCH_PATHS = (
					"$(inherited)",
					"@executable_path/Frameworks",
				);
				MARKETING_VERSION = 1.0;
				PRODUCT_BUNDLE_IDENTIFIER = "com.jervygu.Random-User";
				PRODUCT_NAME = "$(TARGET_NAME)";
				SWIFT_EMIT_LOC_STRINGS = YES;
				SWIFT_VERSION = 5.0;
				TARGETED_DEVICE_FAMILY = "1,2";
			};
			name = Debug;
		};
		07598F852C48B462008212AB /* Release */ = {
			isa = XCBuildConfiguration;
			buildSettings = {
				ASSETCATALOG_COMPILER_APPICON_NAME = AppIcon;
				ASSETCATALOG_COMPILER_GLOBAL_ACCENT_COLOR_NAME = AccentColor;
				CODE_SIGN_STYLE = Automatic;
				CURRENT_PROJECT_VERSION = 1;
				DEVELOPMENT_TEAM = 93859K4ZR2;
				GENERATE_INFOPLIST_FILE = YES;
				INFOPLIST_FILE = Random_User/Info.plist;
				INFOPLIST_KEY_UIApplicationSupportsIndirectInputEvents = YES;
				INFOPLIST_KEY_UILaunchStoryboardName = LaunchScreen;
				INFOPLIST_KEY_UISupportedInterfaceOrientations_iPad = "UIInterfaceOrientationPortrait UIInterfaceOrientationPortraitUpsideDown UIInterfaceOrientationLandscapeLeft UIInterfaceOrientationLandscapeRight";
				INFOPLIST_KEY_UISupportedInterfaceOrientations_iPhone = "UIInterfaceOrientationPortrait UIInterfaceOrientationLandscapeLeft UIInterfaceOrientationLandscapeRight";
				LD_RUNPATH_SEARCH_PATHS = (
					"$(inherited)",
					"@executable_path/Frameworks",
				);
				MARKETING_VERSION = 1.0;
				PRODUCT_BUNDLE_IDENTIFIER = "com.jervygu.Random-User";
				PRODUCT_NAME = "$(TARGET_NAME)";
				SWIFT_EMIT_LOC_STRINGS = YES;
				SWIFT_VERSION = 5.0;
				TARGETED_DEVICE_FAMILY = "1,2";
			};
			name = Release;
		};
		07598F872C48B462008212AB /* Debug */ = {
			isa = XCBuildConfiguration;
			buildSettings = {
				ALWAYS_EMBED_SWIFT_STANDARD_LIBRARIES = YES;
				BUNDLE_LOADER = "$(TEST_HOST)";
				CODE_SIGN_STYLE = Automatic;
				CURRENT_PROJECT_VERSION = 1;
				DEVELOPMENT_TEAM = 93859K4ZR2;
				GENERATE_INFOPLIST_FILE = YES;
				IPHONEOS_DEPLOYMENT_TARGET = 17.2;
				MARKETING_VERSION = 1.0;
				PRODUCT_BUNDLE_IDENTIFIER = "com.jervygu.Random-UserTests";
				PRODUCT_NAME = "$(TARGET_NAME)";
				SWIFT_EMIT_LOC_STRINGS = NO;
				SWIFT_VERSION = 5.0;
				TARGETED_DEVICE_FAMILY = "1,2";
				TEST_HOST = "$(BUILT_PRODUCTS_DIR)/Random_User.app/$(BUNDLE_EXECUTABLE_FOLDER_PATH)/Random_User";
			};
			name = Debug;
		};
		07598F882C48B462008212AB /* Release */ = {
			isa = XCBuildConfiguration;
			buildSettings = {
				ALWAYS_EMBED_SWIFT_STANDARD_LIBRARIES = YES;
				BUNDLE_LOADER = "$(TEST_HOST)";
				CODE_SIGN_STYLE = Automatic;
				CURRENT_PROJECT_VERSION = 1;
				DEVELOPMENT_TEAM = 93859K4ZR2;
				GENERATE_INFOPLIST_FILE = YES;
				IPHONEOS_DEPLOYMENT_TARGET = 17.2;
				MARKETING_VERSION = 1.0;
				PRODUCT_BUNDLE_IDENTIFIER = "com.jervygu.Random-UserTests";
				PRODUCT_NAME = "$(TARGET_NAME)";
				SWIFT_EMIT_LOC_STRINGS = NO;
				SWIFT_VERSION = 5.0;
				TARGETED_DEVICE_FAMILY = "1,2";
				TEST_HOST = "$(BUILT_PRODUCTS_DIR)/Random_User.app/$(BUNDLE_EXECUTABLE_FOLDER_PATH)/Random_User";
			};
			name = Release;
		};
		07598F8A2C48B462008212AB /* Debug */ = {
			isa = XCBuildConfiguration;
			buildSettings = {
				ALWAYS_EMBED_SWIFT_STANDARD_LIBRARIES = YES;
				CODE_SIGN_STYLE = Automatic;
				CURRENT_PROJECT_VERSION = 1;
				DEVELOPMENT_TEAM = 93859K4ZR2;
				GENERATE_INFOPLIST_FILE = YES;
				MARKETING_VERSION = 1.0;
				PRODUCT_BUNDLE_IDENTIFIER = "com.jervygu.Random-UserUITests";
				PRODUCT_NAME = "$(TARGET_NAME)";
				SWIFT_EMIT_LOC_STRINGS = NO;
				SWIFT_VERSION = 5.0;
				TARGETED_DEVICE_FAMILY = "1,2";
				TEST_TARGET_NAME = Random_User;
			};
			name = Debug;
		};
		07598F8B2C48B462008212AB /* Release */ = {
			isa = XCBuildConfiguration;
			buildSettings = {
				ALWAYS_EMBED_SWIFT_STANDARD_LIBRARIES = YES;
				CODE_SIGN_STYLE = Automatic;
				CURRENT_PROJECT_VERSION = 1;
				DEVELOPMENT_TEAM = 93859K4ZR2;
				GENERATE_INFOPLIST_FILE = YES;
				MARKETING_VERSION = 1.0;
				PRODUCT_BUNDLE_IDENTIFIER = "com.jervygu.Random-UserUITests";
				PRODUCT_NAME = "$(TARGET_NAME)";
				SWIFT_EMIT_LOC_STRINGS = NO;
				SWIFT_VERSION = 5.0;
				TARGETED_DEVICE_FAMILY = "1,2";
				TEST_TARGET_NAME = Random_User;
			};
			name = Release;
		};
/* End XCBuildConfiguration section */

/* Begin XCConfigurationList section */
		07598F542C48B460008212AB /* Build configuration list for PBXProject "Random_User" */ = {
			isa = XCConfigurationList;
			buildConfigurations = (
				07598F812C48B462008212AB /* Debug */,
				07598F822C48B462008212AB /* Release */,
			);
			defaultConfigurationIsVisible = 0;
			defaultConfigurationName = Release;
		};
		07598F832C48B462008212AB /* Build configuration list for PBXNativeTarget "Random_User" */ = {
			isa = XCConfigurationList;
			buildConfigurations = (
				07598F842C48B462008212AB /* Debug */,
				07598F852C48B462008212AB /* Release */,
			);
			defaultConfigurationIsVisible = 0;
			defaultConfigurationName = Release;
		};
		07598F862C48B462008212AB /* Build configuration list for PBXNativeTarget "Random_UserTests" */ = {
			isa = XCConfigurationList;
			buildConfigurations = (
				07598F872C48B462008212AB /* Debug */,
				07598F882C48B462008212AB /* Release */,
			);
			defaultConfigurationIsVisible = 0;
			defaultConfigurationName = Release;
		};
		07598F892C48B462008212AB /* Build configuration list for PBXNativeTarget "Random_UserUITests" */ = {
			isa = XCConfigurationList;
			buildConfigurations = (
				07598F8A2C48B462008212AB /* Debug */,
				07598F8B2C48B462008212AB /* Release */,
			);
			defaultConfigurationIsVisible = 0;
			defaultConfigurationName = Release;
		};
/* End XCConfigurationList section */
	};
	rootObject = 07598F512C48B460008212AB /* Project object */;
}
